{
  "name": "figlet-ascii-art",
  "version": "1.0.0",
  "lockfileVersion": 1,
  "requires": true,
  "dependencies": {
    "copy-paste": {
      "version": "2.1.1",
      "resolved": "https://registry.npmjs.org/copy-paste/-/copy-paste-2.1.1.tgz",
      "integrity": "sha512-zC/YZvBiiP9sNSH6+8EMGOO8g6dHWg6dPlLJ2giOmErVPzwKOxaQ83uyZ/wWfJM9+ejKmcJ76V2bKaZWTwwtBA==",
      "requires": {
        "iconv-lite": "^0.4.8"
      }
    },
    "figlet": {
      "version": "1.8.1",
      "resolved": "https://registry.npmjs.org/figlet/-/figlet-1.8.1.tgz",
      "integrity": "sha512-kEC3Sme+YvA8Hkibv0NR1oClGcWia0VB2fC1SlMy027cwe795Xx40Xiv/nw/iFAwQLupymWh+uhAAErn/7hwPg=="
    },
    "iconv-lite": {
      "version": "0.4.24",
      "resolved": "https://registry.npmjs.org/iconv-lite/-/iconv-lite-0.4.24.tgz",
      "integrity": "sha512-v3MXnZAcvnywkTUEZomIActle7RXXeedOR31wwl7VlyoXO4Qi9arvSenNQWne1TcRwhCL1HwLI21bEqdpj8/rA==",
      "requires": {
        "safer-buffer": ">= 2.1.2 < 3"
      }
    },
    "safer-buffer": {
      "version": "2.1.2",
      "resolved": "https://registry.npmjs.org/safer-buffer/-/safer-buffer-2.1.2.tgz",
      "integrity": "sha512-YZo3K82SD7Riyi0E1EQPojLz7kpepnSQI9IyPbHHg1XXXevb5dJI7tpyN2ADxGcQbHG7vcyRHk0cbwqcQriUtg=="
    }
  }
}
